
Microsoft Visual Studio Solution File, Format Version 12.00
# Visual Studio Version 17
VisualStudioVersion = 17.14.36121.58 d17.14
MinimumVisualStudioVersion = 10.0.40219.1
Project("{FAE04EC0-301F-11D3-BF4B-00C04F79EFBC}") = "MedTrack.API", "MedTrack.API\MedTrack.API.csproj", "{976AEAEA-C91B-4414-8022-E6ADD814D395}"
EndProject
Global
	GlobalSection(SolutionConfigurationPlatforms) = preSolution
		Debug|Any CPU = Debug|Any CPU
		Release|Any CPU = Release|Any CPU
	EndGlobalSection
	GlobalSection(ProjectConfigurationPlatforms) = postSolution
		{976AEAEA-C91B-4414-8022-E6ADD814D395}.Debug|Any CPU.ActiveCfg = Debug|Any CPU
		{976AEAEA-C91B-4414-8022-E6ADD814D395}.Debug|Any CPU.Build.0 = Debug|Any CPU
		{976AEAEA-C91B-4414-8022-E6ADD814D395}.Release|Any CPU.ActiveCfg = Release|Any CPU
		{976AEAEA-C91B-4414-8022-E6ADD814D395}.Release|Any CPU.Build.0 = Release|Any CPU
	EndGlobalSection
	GlobalSection(SolutionProperties) = preSolution
		HideSolutionNode = FALSE
	EndGlobalSection
	GlobalSection(ExtensibilityGlobals) = postSolution
		SolutionGuid = {FCE51E69-296D-4217-AAEB-56EC96F12D1B}
	EndGlobalSection
EndGlobal
